
Microsoft Visual Studio Solution File, Format Version 12.00
# Visual Studio Version 17
VisualStudioVersion = 17.1.32414.318
MinimumVisualStudioVersion = 10.0.40219.1
Project("{FAE04EC0-301F-11D3-BF4B-00C04F79EFBC}") = "testing", "testing\testing.csproj", "{35669F72-F2D5-402F-9528-E8F250395539}"
EndProject
Global
	GlobalSection(SolutionConfigurationPlatforms) = preSolution
		Debug|Any CPU = Debug|Any CPU
		Release|Any CPU = Release|Any CPU
	EndGlobalSection
	GlobalSection(ProjectConfigurationPlatforms) = postSolution
		{35669F72-F2D5-402F-9528-E8F250395539}.Debug|Any CPU.ActiveCfg = Debug|Any CPU
		{35669F72-F2D5-402F-9528-E8F250395539}.Debug|Any CPU.Build.0 = Debug|Any CPU
		{35669F72-F2D5-402F-9528-E8F250395539}.Release|Any CPU.ActiveCfg = Release|Any CPU
		{35669F72-F2D5-402F-9528-E8F250395539}.Release|Any CPU.Build.0 = Release|Any CPU
	EndGlobalSection
	GlobalSection(SolutionProperties) = preSolution
		HideSolutionNode = FALSE
	EndGlobalSection
	GlobalSection(ExtensibilityGlobals) = postSolution
		SolutionGuid = {7BE4B580-AD04-46B9-B801-2E7419FC0810}
	EndGlobalSection
EndGlobal
